
Microsoft Visual Studio Solution File, Format Version 12.00
# Visual Studio Version 17
VisualStudioVersion = 17.3.32901.215
MinimumVisualStudioVersion = 10.0.40219.1
Project("{FAE04EC0-301F-11D3-BF4B-00C04F79EFBC}") = "NotesWPF", "NotesWPF\NotesWPF.csproj", "{76A420EA-5021-4D01-A124-3A9CC0FFD226}"
EndProject
Global
	GlobalSection(SolutionConfigurationPlatforms) = preSolution
		Debug|Any CPU = Debug|Any CPU
		Release|Any CPU = Release|Any CPU
	EndGlobalSection
	GlobalSection(ProjectConfigurationPlatforms) = postSolution
		{76A420EA-5021-4D01-A124-3A9CC0FFD226}.Debug|Any CPU.ActiveCfg = Debug|Any CPU
		{76A420EA-5021-4D01-A124-3A9CC0FFD226}.Debug|Any CPU.Build.0 = Debug|Any CPU
		{76A420EA-5021-4D01-A124-3A9CC0FFD226}.Release|Any CPU.ActiveCfg = Release|Any CPU
		{76A420EA-5021-4D01-A124-3A9CC0FFD226}.Release|Any CPU.Build.0 = Release|Any CPU
	EndGlobalSection
	GlobalSection(SolutionProperties) = preSolution
		HideSolutionNode = FALSE
	EndGlobalSection
	GlobalSection(ExtensibilityGlobals) = postSolution
		SolutionGuid = {D861008C-3350-4E7B-BC07-474922931F8A}
	EndGlobalSection
EndGlobal
